
Microsoft Visual Studio Solution File, Format Version 12.00
# Visual Studio Version 18
VisualStudioVersion = 18.3.11415.281
MinimumVisualStudioVersion = 10.0.40219.1
Project("{FAE04EC0-301F-11D3-BF4B-00C04F79EFBC}") = "Phenix.Core_PgSQL", "Phenix.Core\Phenix.Core_PgSQL.csproj", "{B84D7179-6869-B324-ABD0-AB35EBAC05C1}"
EndProject
Project("{2150E333-8FDC-42A3-9474-1A3956D46DE8}") = "解决方案项", "解决方案项", "{8AAC7859-1D66-483B-A955-7B578711C960}"
EndProject
Project("{FAE04EC0-301F-11D3-BF4B-00C04F79EFBC}") = "Bee.FISS.Abstractions", "Bee.FISS.Abstractions\Bee.FISS.Abstractions.csproj", "{F823DC58-BCA6-563A-3048-0AA2684AD5D9}"
EndProject
Project("{FAE04EC0-301F-11D3-BF4B-00C04F79EFBC}") = "Bee.FISS.Domain", "Bee.FISS.Domain\Bee.FISS.Domain.csproj", "{642B10B6-1320-B073-2AC4-8E62A37CE222}"
EndProject
Project("{FAE04EC0-301F-11D3-BF4B-00C04F79EFBC}") = "Bee.FISS.Actors", "Bee.FISS.Actors\Bee.FISS.Actors.csproj", "{9AC1FF8F-F423-591C-F217-62C151BC041D}"
EndProject
Project("{FAE04EC0-301F-11D3-BF4B-00C04F79EFBC}") = "Bee.FISS.ClusterHost", "Bee.FISS.ClusterHost\Bee.FISS.ClusterHost.csproj", "{EF08B966-6615-EF3B-BC80-5A8A15C78121}"
EndProject
Project("{FAE04EC0-301F-11D3-BF4B-00C04F79EFBC}") = "Bee.FISS.Client", "Bee.FISS.Client\Bee.FISS.Client.csproj", "{BE524EE6-2D79-0F1E-0FEC-D74318FF9D7D}"
EndProject
Global
	GlobalSection(SolutionConfigurationPlatforms) = preSolution
		Debug|Any CPU = Debug|Any CPU
		Release|Any CPU = Release|Any CPU
	EndGlobalSection
	GlobalSection(ProjectConfigurationPlatforms) = postSolution
		{B84D7179-6869-B324-ABD0-AB35EBAC05C1}.Debug|Any CPU.ActiveCfg = Debug|Any CPU
		{B84D7179-6869-B324-ABD0-AB35EBAC05C1}.Debug|Any CPU.Build.0 = Debug|Any CPU
		{B84D7179-6869-B324-ABD0-AB35EBAC05C1}.Release|Any CPU.ActiveCfg = Release|Any CPU
		{B84D7179-6869-B324-ABD0-AB35EBAC05C1}.Release|Any CPU.Build.0 = Release|Any CPU
		{F823DC58-BCA6-563A-3048-0AA2684AD5D9}.Debug|Any CPU.ActiveCfg = Debug|Any CPU
		{F823DC58-BCA6-563A-3048-0AA2684AD5D9}.Debug|Any CPU.Build.0 = Debug|Any CPU
		{F823DC58-BCA6-563A-3048-0AA2684AD5D9}.Release|Any CPU.ActiveCfg = Release|Any CPU
		{F823DC58-BCA6-563A-3048-0AA2684AD5D9}.Release|Any CPU.Build.0 = Release|Any CPU
		{642B10B6-1320-B073-2AC4-8E62A37CE222}.Debug|Any CPU.ActiveCfg = Debug|Any CPU
		{642B10B6-1320-B073-2AC4-8E62A37CE222}.Debug|Any CPU.Build.0 = Debug|Any CPU
		{642B10B6-1320-B073-2AC4-8E62A37CE222}.Release|Any CPU.ActiveCfg = Release|Any CPU
		{642B10B6-1320-B073-2AC4-8E62A37CE222}.Release|Any CPU.Build.0 = Release|Any CPU
		{9AC1FF8F-F423-591C-F217-62C151BC041D}.Debug|Any CPU.ActiveCfg = Debug|Any CPU
		{9AC1FF8F-F423-591C-F217-62C151BC041D}.Debug|Any CPU.Build.0 = Debug|Any CPU
		{9AC1FF8F-F423-591C-F217-62C151BC041D}.Release|Any CPU.ActiveCfg = Release|Any CPU
		{9AC1FF8F-F423-591C-F217-62C151BC041D}.Release|Any CPU.Build.0 = Release|Any CPU
		{EF08B966-6615-EF3B-BC80-5A8A15C78121}.Debug|Any CPU.ActiveCfg = Debug|Any CPU
		{EF08B966-6615-EF3B-BC80-5A8A15C78121}.Debug|Any CPU.Build.0 = Debug|Any CPU
		{EF08B966-6615-EF3B-BC80-5A8A15C78121}.Release|Any CPU.ActiveCfg = Release|Any CPU
		{EF08B966-6615-EF3B-BC80-5A8A15C78121}.Release|Any CPU.Build.0 = Release|Any CPU
		{BE524EE6-2D79-0F1E-0FEC-D74318FF9D7D}.Debug|Any CPU.ActiveCfg = Debug|Any CPU
		{BE524EE6-2D79-0F1E-0FEC-D74318FF9D7D}.Debug|Any CPU.Build.0 = Debug|Any CPU
		{BE524EE6-2D79-0F1E-0FEC-D74318FF9D7D}.Release|Any CPU.ActiveCfg = Release|Any CPU
		{BE524EE6-2D79-0F1E-0FEC-D74318FF9D7D}.Release|Any CPU.Build.0 = Release|Any CPU
	EndGlobalSection
	GlobalSection(SolutionProperties) = preSolution
		HideSolutionNode = FALSE
	EndGlobalSection
	GlobalSection(ExtensibilityGlobals) = postSolution
		SolutionGuid = {4763DB48-829B-4C1E-AE14-A39F4C62AC0E}
	EndGlobalSection
EndGlobal
